
Microsoft Visual Studio Solution File, Format Version 12.00
# Visual Studio Version 16
VisualStudioVersion = 16.0.33027.164
MinimumVisualStudioVersion = 10.0.40219.1
Project("{9A19103F-16F7-4668-BE54-9A1E7A4F7556}") = "AzureAD.Identity.B2B.App", "AzureAD.Identity.B2B.App.csproj", "{9FD7BC0B-3694-40D9-82C7-423AC795B23C}"
EndProject
Global
	GlobalSection(SolutionConfigurationPlatforms) = preSolution
		Debug|Any CPU = Debug|Any CPU
		Release|Any CPU = Release|Any CPU
	EndGlobalSection
	GlobalSection(ProjectConfigurationPlatforms) = postSolution
		{9FD7BC0B-3694-40D9-82C7-423AC795B23C}.Debug|Any CPU.ActiveCfg = Debug|Any CPU
		{9FD7BC0B-3694-40D9-82C7-423AC795B23C}.Debug|Any CPU.Build.0 = Debug|Any CPU
		{9FD7BC0B-3694-40D9-82C7-423AC795B23C}.Release|Any CPU.ActiveCfg = Release|Any CPU
		{9FD7BC0B-3694-40D9-82C7-423AC795B23C}.Release|Any CPU.Build.0 = Release|Any CPU
	EndGlobalSection
	GlobalSection(SolutionProperties) = preSolution
		HideSolutionNode = FALSE
	EndGlobalSection
	GlobalSection(ExtensibilityGlobals) = postSolution
		SolutionGuid = {EE12B5EF-03B1-4DC5-ACCA-ED3D15A066AC}
	EndGlobalSection
EndGlobal
